
Microsoft Visual Studio Solution File, Format Version 12.00
# Visual Studio 15
VisualStudioVersion = 15.0.28307.329
MinimumVisualStudioVersion = 10.0.40219.1
Project("{FAE04EC0-301F-11D3-BF4B-00C04F79EFBC}") = "Class_Method_p113", "Class_Method_p113\Class_Method_p113.csproj", "{52109913-5907-4578-8D4B-A98605ADAF46}"
EndProject
Global
	GlobalSection(SolutionConfigurationPlatforms) = preSolution
		Debug|Any CPU = Debug|Any CPU
		Release|Any CPU = Release|Any CPU
	EndGlobalSection
	GlobalSection(ProjectConfigurationPlatforms) = postSolution
		{52109913-5907-4578-8D4B-A98605ADAF46}.Debug|Any CPU.ActiveCfg = Debug|Any CPU
		{52109913-5907-4578-8D4B-A98605ADAF46}.Debug|Any CPU.Build.0 = Debug|Any CPU
		{52109913-5907-4578-8D4B-A98605ADAF46}.Release|Any CPU.ActiveCfg = Release|Any CPU
		{52109913-5907-4578-8D4B-A98605ADAF46}.Release|Any CPU.Build.0 = Release|Any CPU
	EndGlobalSection
	GlobalSection(SolutionProperties) = preSolution
		HideSolutionNode = FALSE
	EndGlobalSection
	GlobalSection(ExtensibilityGlobals) = postSolution
		SolutionGuid = {08BA5249-D24F-43DE-BAA0-0EF589AB1327}
	EndGlobalSection
EndGlobal
