
Microsoft Visual Studio Solution File, Format Version 12.00
# Visual Studio 15
VisualStudioVersion = 15.0.28307.271
MinimumVisualStudioVersion = 10.0.40219.1
Project("{FAE04EC0-301F-11D3-BF4B-00C04F79EFBC}") = "Drill_Strings_p97", "Drill_Strings_p97\Drill_Strings_p97.csproj", "{EB908E8F-8371-4FCE-BA73-6437854B21C9}"
EndProject
Global
	GlobalSection(SolutionConfigurationPlatforms) = preSolution
		Debug|Any CPU = Debug|Any CPU
		Release|Any CPU = Release|Any CPU
	EndGlobalSection
	GlobalSection(ProjectConfigurationPlatforms) = postSolution
		{EB908E8F-8371-4FCE-BA73-6437854B21C9}.Debug|Any CPU.ActiveCfg = Debug|Any CPU
		{EB908E8F-8371-4FCE-BA73-6437854B21C9}.Debug|Any CPU.Build.0 = Debug|Any CPU
		{EB908E8F-8371-4FCE-BA73-6437854B21C9}.Release|Any CPU.ActiveCfg = Release|Any CPU
		{EB908E8F-8371-4FCE-BA73-6437854B21C9}.Release|Any CPU.Build.0 = Release|Any CPU
	EndGlobalSection
	GlobalSection(SolutionProperties) = preSolution
		HideSolutionNode = FALSE
	EndGlobalSection
	GlobalSection(ExtensibilityGlobals) = postSolution
		SolutionGuid = {BBAB99A3-9739-4FBD-B51E-2FDA230BE725}
	EndGlobalSection
EndGlobal
