
Microsoft Visual Studio Solution File, Format Version 12.00
# Visual Studio 15
VisualStudioVersion = 15.0.28307.271
MinimumVisualStudioVersion = 10.0.40219.1
Project("{FAE04EC0-301F-11D3-BF4B-00C04F79EFBC}") = "Drill_ArraysLists_p100", "Drill_ArraysLists_p100\Drill_ArraysLists_p100.csproj", "{E2E393A3-10AF-45D1-BE60-C4781C5FC0AC}"
EndProject
Global
	GlobalSection(SolutionConfigurationPlatforms) = preSolution
		Debug|Any CPU = Debug|Any CPU
		Release|Any CPU = Release|Any CPU
	EndGlobalSection
	GlobalSection(ProjectConfigurationPlatforms) = postSolution
		{E2E393A3-10AF-45D1-BE60-C4781C5FC0AC}.Debug|Any CPU.ActiveCfg = Debug|Any CPU
		{E2E393A3-10AF-45D1-BE60-C4781C5FC0AC}.Debug|Any CPU.Build.0 = Debug|Any CPU
		{E2E393A3-10AF-45D1-BE60-C4781C5FC0AC}.Release|Any CPU.ActiveCfg = Release|Any CPU
		{E2E393A3-10AF-45D1-BE60-C4781C5FC0AC}.Release|Any CPU.Build.0 = Release|Any CPU
	EndGlobalSection
	GlobalSection(SolutionProperties) = preSolution
		HideSolutionNode = FALSE
	EndGlobalSection
	GlobalSection(ExtensibilityGlobals) = postSolution
		SolutionGuid = {E9B2B6DA-91BA-40AB-9DFE-FEEB65F0ECCC}
	EndGlobalSection
EndGlobal
