
Microsoft Visual Studio Solution File, Format Version 12.00
# Visual Studio 15
VisualStudioVersion = 15.0.28307.271
MinimumVisualStudioVersion = 10.0.40219.1
Project("{FAE04EC0-301F-11D3-BF4B-00C04F79EFBC}") = "Drill_Iterations_p103", "Drill_Iterations_p103\Drill_Iterations_p103.csproj", "{8B818454-0545-407F-A94F-A534A4771251}"
EndProject
Global
	GlobalSection(SolutionConfigurationPlatforms) = preSolution
		Debug|Any CPU = Debug|Any CPU
		Release|Any CPU = Release|Any CPU
	EndGlobalSection
	GlobalSection(ProjectConfigurationPlatforms) = postSolution
		{8B818454-0545-407F-A94F-A534A4771251}.Debug|Any CPU.ActiveCfg = Debug|Any CPU
		{8B818454-0545-407F-A94F-A534A4771251}.Debug|Any CPU.Build.0 = Debug|Any CPU
		{8B818454-0545-407F-A94F-A534A4771251}.Release|Any CPU.ActiveCfg = Release|Any CPU
		{8B818454-0545-407F-A94F-A534A4771251}.Release|Any CPU.Build.0 = Release|Any CPU
	EndGlobalSection
	GlobalSection(SolutionProperties) = preSolution
		HideSolutionNode = FALSE
	EndGlobalSection
	GlobalSection(ExtensibilityGlobals) = postSolution
		SolutionGuid = {1B185771-83C7-4850-9114-1746AAF4BEA7}
	EndGlobalSection
EndGlobal
