
Microsoft Visual Studio Solution File, Format Version 12.00
# Visual Studio 15
VisualStudioVersion = 15.0.28307.329
MinimumVisualStudioVersion = 10.0.40219.1
Project("{FAE04EC0-301F-11D3-BF4B-00C04F79EFBC}") = "Class_Method3_p114", "Class_Method3_p114\Class_Method3_p114.csproj", "{3A7D9F98-B0CE-43AB-BCB5-6C30567FA0EE}"
EndProject
Global
	GlobalSection(SolutionConfigurationPlatforms) = preSolution
		Debug|Any CPU = Debug|Any CPU
		Release|Any CPU = Release|Any CPU
	EndGlobalSection
	GlobalSection(ProjectConfigurationPlatforms) = postSolution
		{3A7D9F98-B0CE-43AB-BCB5-6C30567FA0EE}.Debug|Any CPU.ActiveCfg = Debug|Any CPU
		{3A7D9F98-B0CE-43AB-BCB5-6C30567FA0EE}.Debug|Any CPU.Build.0 = Debug|Any CPU
		{3A7D9F98-B0CE-43AB-BCB5-6C30567FA0EE}.Release|Any CPU.ActiveCfg = Release|Any CPU
		{3A7D9F98-B0CE-43AB-BCB5-6C30567FA0EE}.Release|Any CPU.Build.0 = Release|Any CPU
	EndGlobalSection
	GlobalSection(SolutionProperties) = preSolution
		HideSolutionNode = FALSE
	EndGlobalSection
	GlobalSection(ExtensibilityGlobals) = postSolution
		SolutionGuid = {B539D96B-6707-4FE4-ADF5-F8BAF0FFB4BD}
	EndGlobalSection
EndGlobal
