
Microsoft Visual Studio Solution File, Format Version 12.00
# Visual Studio 15
VisualStudioVersion = 15.0.28307.329
MinimumVisualStudioVersion = 10.0.40219.1
Project("{FAE04EC0-301F-11D3-BF4B-00C04F79EFBC}") = "Interface_p126", "Interface_p126\Interface_p126.csproj", "{D89EE81C-ADD9-4595-AB61-2FC478B0D049}"
EndProject
Global
	GlobalSection(SolutionConfigurationPlatforms) = preSolution
		Debug|Any CPU = Debug|Any CPU
		Release|Any CPU = Release|Any CPU
	EndGlobalSection
	GlobalSection(ProjectConfigurationPlatforms) = postSolution
		{D89EE81C-ADD9-4595-AB61-2FC478B0D049}.Debug|Any CPU.ActiveCfg = Debug|Any CPU
		{D89EE81C-ADD9-4595-AB61-2FC478B0D049}.Debug|Any CPU.Build.0 = Debug|Any CPU
		{D89EE81C-ADD9-4595-AB61-2FC478B0D049}.Release|Any CPU.ActiveCfg = Release|Any CPU
		{D89EE81C-ADD9-4595-AB61-2FC478B0D049}.Release|Any CPU.Build.0 = Release|Any CPU
	EndGlobalSection
	GlobalSection(SolutionProperties) = preSolution
		HideSolutionNode = FALSE
	EndGlobalSection
	GlobalSection(ExtensibilityGlobals) = postSolution
		SolutionGuid = {1265FFAF-362C-4EE5-92C3-B3D287624390}
	EndGlobalSection
EndGlobal
