
Microsoft Visual Studio Solution File, Format Version 12.00
# Visual Studio 15
VisualStudioVersion = 15.0.28307.329
MinimumVisualStudioVersion = 10.0.40219.1
Project("{FAE04EC0-301F-11D3-BF4B-00C04F79EFBC}") = "Lambda_Expressions_p140", "Lambda_Expressions_p140\Lambda_Expressions_p140.csproj", "{05070CCC-D58B-44FB-A804-1062C7967F82}"
EndProject
Global
	GlobalSection(SolutionConfigurationPlatforms) = preSolution
		Debug|Any CPU = Debug|Any CPU
		Release|Any CPU = Release|Any CPU
	EndGlobalSection
	GlobalSection(ProjectConfigurationPlatforms) = postSolution
		{05070CCC-D58B-44FB-A804-1062C7967F82}.Debug|Any CPU.ActiveCfg = Debug|Any CPU
		{05070CCC-D58B-44FB-A804-1062C7967F82}.Debug|Any CPU.Build.0 = Debug|Any CPU
		{05070CCC-D58B-44FB-A804-1062C7967F82}.Release|Any CPU.ActiveCfg = Release|Any CPU
		{05070CCC-D58B-44FB-A804-1062C7967F82}.Release|Any CPU.Build.0 = Release|Any CPU
	EndGlobalSection
	GlobalSection(SolutionProperties) = preSolution
		HideSolutionNode = FALSE
	EndGlobalSection
	GlobalSection(ExtensibilityGlobals) = postSolution
		SolutionGuid = {6BB4AFE7-0F59-4312-A21E-E3774773346A}
	EndGlobalSection
EndGlobal
